{
    "_readme": [
        "This file locks the dependencies of your project to a known state",
        "Read more about it at http://getcomposer.org/doc/01-basic-usage.md#composer-lock-the-lock-file",
        "This file is @generated automatically"
    ],
    "hash": "44cf647c77991886bdcda2b1545ff514",
    "packages": [
        {
            "name": "zodream/zodream",
            "version": "dev-master",
            "source": {
                "type": "git",
                "url": "https://github.com/zx648383079/zodream.git",
                "reference": "e9f77abb51bae5f07d230f2b6db57ca2c29b7b20"
            },
            "dist": {
                "type": "zip",
                "url": "https://api.github.com/repos/zx648383079/zodream/zipball/e9f77abb51bae5f07d230f2b6db57ca2c29b7b20",
                "reference": "e9f77abb51bae5f07d230f2b6db57ca2c29b7b20",
                "shasum": ""
            },
            "require": {
                "php": ">=5.3.0"
            },
            "type": "library",
            "autoload": {
                "psr-4": {
                    "App\\": ""
                },
                "files": [
                    "app.php"
                ]
            },
            "notification-url": "https://packagist.org/downloads/",
            "license": [
                "MIT"
            ],
            "authors": [
                {
                    "name": "Jason Zou",
                    "email": "jason.zou@nwayschina.com",
                    "homepage": "http://www.shys.cc",
                    "role": "Developer"
                }
            ],
            "description": "ZoDream PHP main program",
            "homepage": "https://github.com/zx648383079/ZoDream",
            "keywords": [
                "log",
                "logging"
            ],
            "time": "2015-11-18 09:51:50"
        }
    ],
    "packages-dev": [],
    "aliases": [],
    "minimum-stability": "stable",
    "stability-flags": {
        "zodream/zodream": 20
    },
    "prefer-stable": false,
    "prefer-lowest": false,
    "platform": {
        "php": ">=5.3.0"
    },
    "platform-dev": []
}
